// !$*UTF8*$!
{
	archiveVersion = 1;
	classes = {
	};
	objectVersion = 46;
	objects = {

/* Begin PBXBuildFile section */
		A7D5F3401F6779F300139CD4 /* AppDelegate.swift in Sources */ = {isa = PBXBuildFile; fileRef = A7D5F33F1F6779F300139CD4 /* AppDelegate.swift */; };
		A7D5F3421F6779F300139CD4 /* ViewController.swift in Sources */ = {isa = PBXBuildFile; fileRef = A7D5F3411F6779F300139CD4 /* ViewController.swift */; };
		A7D5F3451F6779F300139CD4 /* Main.storyboard in Resources */ = {isa = PBXBuildFile; fileRef = A7D5F3431F6779F300139CD4 /* Main.storyboard */; };
		A7D5F3471F6779F300139CD4 /* Assets.xcassets in Resources */ = {isa = PBXBuildFile; fileRef = A7D5F3461F6779F300139CD4 /* Assets.xcassets */; };
		A7D5F34A1F6779F300139CD4 /* LaunchScreen.storyboard in Resources */ = {isa = PBXBuildFile; fileRef = A7D5F3481F6779F300139CD4 /* LaunchScreen.storyboard */; };
/* End PBXBuildFile section */

/* Begin PBXFileReference section */
		A7D5F33C1F6779F300139CD4 /* demo-stash.app */ = {isa = PBXFileReference; explicitFileType = wrapper.application; includeInIndex = 0; path = "demo-stash.app"; sourceTree = BUILT_PRODUCTS_DIR; };
		A7D5F33F1F6779F300139CD4 /* AppDelegate.swift */ = {isa = PBXFileReference; lastKnownFileType = sourcecode.swift; path = AppDelegate.swift; sourceTree = "<group>"; };
		A7D5F3411F6779F300139CD4 /* ViewController.swift */ = {isa = PBXFileReference; lastKnownFileType = sourcecode.swift; path = ViewController.swift; sourceTree = "<group>"; };
		A7D5F3441F6779F300139CD4 /* Base */ = {isa = PBXFileReference; lastKnownFileType = file.storyboard; name = Base; path = Base.lproj/Main.storyboard; sourceTree = "<group>"; };
		A7D5F3461F6779F300139CD4 /* Assets.xcassets */ = {isa = PBXFileReference; lastKnownFileType = folder.assetcatalog; path = Assets.xcassets; sourceTree = "<group>"; };
		A7D5F3491F6779F300139CD4 /* Base */ = {isa = PBXFileReference; lastKnownFileType = file.storyboard; name = Base; path = Base.lproj/LaunchScreen.storyboard; sourceTree = "<group>"; };
		A7D5F34B1F6779F300139CD4 /* Info.plist */ = {isa = PBXFileReference; lastKnownFileType = text.plist.xml; path = Info.plist; sourceTree = "<group>"; };
/* End PBXFileReference section */

/* Begin PBXFrameworksBuildPhase section */
		A7D5F3391F6779F300139CD4 /* Frameworks */ = {
			isa = PBXFrameworksBuildPhase;
			buildActionMask = 2147483647;
			files = (
			);
			runOnlyForDeploymentPostprocessing = 0;
		};
/* End PBXFrameworksBuildPhase section */

/* Begin PBXGroup section */
		A7D5F3331F6779F300139CD4 = {
			isa = PBXGroup;
			children = (
				A7D5F33E1F6779F300139CD4 /* demo-stash */,
				A7D5F33D1F6779F300139CD4 /* Products */,
			);
			sourceTree = "<group>";
		};
		A7D5F33D1F6779F300139CD4 /* Products */ = {
			isa = PBXGroup;
			children = (
				A7D5F33C1F6779F300139CD4 /* demo-stash.app */,
			);
			name = Products;
			sourceTree = "<group>";
		};
		A7D5F33E1F6779F300139CD4 /* demo-stash */ = {
			isa = PBXGroup;
			children = (
				A7D5F33F1F6779F300139CD4 /* AppDelegate.swift */,
				A7D5F3411F6779F300139CD4 /* ViewController.swift */,
				A7D5F3431F6779F300139CD4 /* Main.storyboard */,
				A7D5F3461F6779F300139CD4 /* Assets.xcassets */,
				A7D5F3481F6779F300139CD4 /* LaunchScreen.storyboard */,
				A7D5F34B1F6779F300139CD4 /* Info.plist */,
			);
			path = "demo-stash";
			sourceTree = "<group>";
		};
/* End PBXGroup section */

/* Begin PBXNativeTarget section */
		A7D5F33B1F6779F300139CD4 /* demo-stash */ = {
			isa = PBXNativeTarget;
			buildConfigurationList = A7D5F34E1F6779F300139CD4 /* Build configuration list for PBXNativeTarget "demo-stash" */;
			buildPhases = (
				A7D5F3381F6779F300139CD4 /* Sources */,
				A7D5F3391F6779F300139CD4 /* Frameworks */,
				A7D5F33A1F6779F300139CD4 /* Resources */,
			);
			buildRules = (
			);
			dependencies = (
			);
			name = "demo-stash";
			productName = "demo-stash";
			productReference = A7D5F33C1F6779F300139CD4 /* demo-stash.app */;
			productType = "com.apple.product-type.application";
		};
/* End PBXNativeTarget section */

/* Begin PBXProject section */
		A7D5F3341F6779F300139CD4 /* Project object */ = {
			isa = PBXProject;
			attributes = {
				LastSwiftUpdateCheck = 0830;
				LastUpgradeCheck = 0830;
				ORGANIZATIONNAME = irinaernst;
				TargetAttributes = {
					A7D5F33B1F6779F300139CD4 = {
						CreatedOnToolsVersion = 8.3.3;
						DevelopmentTeam = SH8CE5DBCP;
						ProvisioningStyle = Automatic;
					};
				};
			};
			buildConfigurationList = A7D5F3371F6779F300139CD4 /* Build configuration list for PBXProject "demo-stash" */;
			compatibilityVersion = "Xcode 3.2";
			developmentRegion = English;
			hasScannedForEncodings = 0;
			knownRegions = (
				en,
				Base,
			);
			mainGroup = A7D5F3331F6779F300139CD4;
			productRefGroup = A7D5F33D1F6779F300139CD4 /* Products */;
			projectDirPath = "";
			projectRoot = "";
			targets = (
				A7D5F33B1F6779F300139CD4 /* demo-stash */,
			);
		};
/* End PBXProject section */

/* Begin PBXResourcesBuildPhase section */
		A7D5F33A1F6779F300139CD4 /* Resources */ = {
			isa = PBXResourcesBuildPhase;
			buildActionMask = 2147483647;
			files = (
				A7D5F34A1F6779F300139CD4 /* LaunchScreen.storyboard in Resources */,
				A7D5F3471F6779F300139CD4 /* Assets.xcassets in Resources */,
				A7D5F3451F6779F300139CD4 /* Main.storyboard in Resources */,
			);
			runOnlyForDeploymentPostprocessing = 0;
		};
/* End PBXResourcesBuildPhase section */

/* Begin PBXSourcesBuildPhase section */
		A7D5F3381F6779F300139CD4 /* Sources */ = {
			isa = PBXSourcesBuildPhase;
			buildActionMask = 2147483647;
			files = (
				A7D5F3421F6779F300139CD4 /* ViewController.swift in Sources */,
				A7D5F3401F6779F300139CD4 /* AppDelegate.swift in Sources */,
			);
			runOnlyForDeploymentPostprocessing = 0;
		};
/* End PBXSourcesBuildPhase section */

/* Begin PBXVariantGroup section */
		A7D5F3431F6779F300139CD4 /* Main.storyboard */ = {
			isa = PBXVariantGroup;
			children = (
				A7D5F3441F6779F300139CD4 /* Base */,
			);
			name = Main.storyboard;
			sourceTree = "<group>";
		};
		A7D5F3481F6779F300139CD4 /* LaunchScreen.storyboard */ = {
			isa = PBXVariantGroup;
			children = (
				A7D5F3491F6779F300139CD4 /* Base */,
			);
			name = LaunchScreen.storyboard;
			sourceTree = "<group>";
		};
/* End PBXVariantGroup section */

/* Begin XCBuildConfiguration section */
		A7D5F34C1F6779F300139CD4 /* Debug */ = {
			isa = XCBuildConfiguration;
			buildSettings = {
				ALWAYS_SEARCH_USER_PATHS = NO;
				CLANG_ANALYZER_NONNULL = YES;
				CLANG_ANALYZER_NUMBER_OBJECT_CONVERSION = YES_AGGRESSIVE;
				CLANG_CXX_LANGUAGE_STANDARD = "gnu++0x";
				CLANG_CXX_LIBRARY = "libc++";
				CLANG_ENABLE_MODULES = YES;
				CLANG_ENABLE_OBJC_ARC = YES;
				CLANG_WARN_BOOL_CONVERSION = YES;
				CLANG_WARN_CONSTANT_CONVERSION = YES;
				CLANG_WARN_DIRECT_OBJC_ISA_USAGE = YES_ERROR;
				CLANG_WARN_DOCUMENTATION_COMMENTS = YES;
				CLANG_WARN_EMPTY_BODY = YES;
				CLANG_WARN_ENUM_CONVERSION = YES;
				CLANG_WARN_INFINITE_RECURSION = YES;
				CLANG_WARN_INT_CONVERSION = YES;
				CLANG_WARN_OBJC_ROOT_CLASS = YES_ERROR;
				CLANG_WARN_SUSPICIOUS_MOVE = YES;
				CLANG_WARN_UNREACHABLE_CODE = YES;
				CLANG_WARN__DUPLICATE_METHOD_MATCH = YES;
				"CODE_SIGN_IDENTITY[sdk=iphoneos*]" = "iPhone Developer";
				COPY_PHASE_STRIP = NO;
				DEBUG_INFORMATION_FORMAT = dwarf;
				ENABLE_STRICT_OBJC_MSGSEND = YES;
				ENABLE_TESTABILITY = YES;
				GCC_C_LANGUAGE_STANDARD = gnu99;
				GCC_DYNAMIC_NO_PIC = NO;
				GCC_NO_COMMON_BLOCKS = YES;
				GCC_OPTIMIZATION_LEVEL = 0;
				GCC_PREPROCESSOR_DEFINITIONS = (
					"DEBUG=1",
					"$(inherited)",
				);
				GCC_WARN_64_TO_32_BIT_CONVERSION = YES;
				GCC_WARN_ABOUT_RETURN_TYPE = YES_ERROR;
				GCC_WARN_UNDECLARED_SELECTOR = YES;
				GCC_WARN_UNINITIALIZED_AUTOS = YES_AGGRESSIVE;
				GCC_WARN_UNUSED_FUNCTION = YES;
				GCC_WARN_UNUSED_VARIABLE = YES;
				IPHONEOS_DEPLOYMENT_TARGET = 10.3;
				MTL_ENABLE_DEBUG_INFO = YES;
				ONLY_ACTIVE_ARCH = YES;
				SDKROOT = iphoneos;
				SWIFT_ACTIVE_COMPILATION_CONDITIONS = DEBUG;
				SWIFT_OPTIMIZATION_LEVEL = "-Onone";
			};
			name = Debug;
		};
		A7D5F34D1F6779F300139CD4 /* Release */ = {
			isa = XCBuildConfiguration;
			buildSettings = {
				ALWAYS_SEARCH_USER_PATHS = NO;
				CLANG_ANALYZER_NONNULL = YES;
				CLANG_ANALYZER_NUMBER_OBJECT_CONVERSION = YES_AGGRESSIVE;
				CLANG_CXX_LANGUAGE_STANDARD = "gnu++0x";
				CLANG_CXX_LIBRARY = "libc++";
				CLANG_ENABLE_MODULES = YES;
				CLANG_ENABLE_OBJC_ARC = YES;
				CLANG_WARN_BOOL_CONVERSION = YES;
				CLANG_WARN_CONSTANT_CONVERSION = YES;
				CLANG_WARN_DIRECT_OBJC_ISA_USAGE = YES_ERROR;
				CLANG_WARN_DOCUMENTATION_COMMENTS = YES;
				CLANG_WARN_EMPTY_BODY = YES;
				CLANG_WARN_ENUM_CONVERSION = YES;
				CLANG_WARN_INFINITE_RECURSION = YES;
				CLANG_WARN_INT_CONVERSION = YES;
				CLANG_WARN_OBJC_ROOT_CLASS = YES_ERROR;
				CLANG_WARN_SUSPICIOUS_MOVE = YES;
				CLANG_WARN_UNREACHABLE_CODE = YES;
				CLANG_WARN__DUPLICATE_METHOD_MATCH = YES;
				"CODE_SIGN_IDENTITY[sdk=iphoneos*]" = "iPhone Developer";
				COPY_PHASE_STRIP = NO;
				DEBUG_INFORMATION_FORMAT = "dwarf-with-dsym";
				ENABLE_NS_ASSERTIONS = NO;
				ENABLE_STRICT_OBJC_MSGSEND = YES;
				GCC_C_LANGUAGE_STANDARD = gnu99;
				GCC_NO_COMMON_BLOCKS = YES;
				GCC_WARN_64_TO_32_BIT_CONVERSION = YES;
				GCC_WARN_ABOUT_RETURN_TYPE = YES_ERROR;
				GCC_WARN_UNDECLARED_SELECTOR = YES;
				GCC_WARN_UNINITIALIZED_AUTOS = YES_AGGRESSIVE;
				GCC_WARN_UNUSED_FUNCTION = YES;
				GCC_WARN_UNUSED_VARIABLE = YES;
				IPHONEOS_DEPLOYMENT_TARGET = 10.3;
				MTL_ENABLE_DEBUG_INFO = NO;
				SDKROOT = iphoneos;
				SWIFT_OPTIMIZATION_LEVEL = "-Owholemodule";
				VALIDATE_PRODUCT = YES;
			};
			name = Release;
		};
		A7D5F34F1F6779F300139CD4 /* Debug */ = {
			isa = XCBuildConfiguration;
			buildSettings = {
				ASSETCATALOG_COMPILER_APPICON_NAME = AppIcon;
				DEVELOPMENT_TEAM = SH8CE5DBCP;
				INFOPLIST_FILE = "demo-stash/Info.plist";
				IPHONEOS_DEPLOYMENT_TARGET = 8.0;
				LD_RUNPATH_SEARCH_PATHS = "$(inherited) @executable_path/Frameworks";
				PRODUCT_BUNDLE_IDENTIFIER = "com.irinaernst.demo-stash";
				PRODUCT_NAME = "$(TARGET_NAME)";
				SWIFT_VERSION = 3.0;
			};
			name = Debug;
		};
		A7D5F3501F6779F300139CD4 /* Release */ = {
			isa = XCBuildConfiguration;
			buildSettings = {
				ASSETCATALOG_COMPILER_APPICON_NAME = AppIcon;
				DEVELOPMENT_TEAM = SH8CE5DBCP;
				INFOPLIST_FILE = "demo-stash/Info.plist";
				IPHONEOS_DEPLOYMENT_TARGET = 8.0;
				LD_RUNPATH_SEARCH_PATHS = "$(inherited) @executable_path/Frameworks";
				PRODUCT_BUNDLE_IDENTIFIER = "com.irinaernst.demo-stash";
				PRODUCT_NAME = "$(TARGET_NAME)";
				SWIFT_VERSION = 3.0;
			};
			name = Release;
		};
/* End XCBuildConfiguration section */

/* Begin XCConfigurationList section */
		A7D5F3371F6779F300139CD4 /* Build configuration list for PBXProject "demo-stash" */ = {
			isa = XCConfigurationList;
			buildConfigurations = (
				A7D5F34C1F6779F300139CD4 /* Debug */,
				A7D5F34D1F6779F300139CD4 /* Release */,
			);
			defaultConfigurationIsVisible = 0;
			defaultConfigurationName = Release;
		};
		A7D5F34E1F6779F300139CD4 /* Build configuration list for PBXNativeTarget "demo-stash" */ = {
			isa = XCConfigurationList;
			buildConfigurations = (
				A7D5F34F1F6779F300139CD4 /* Debug */,
				A7D5F3501F6779F300139CD4 /* Release */,
			);
			defaultConfigurationIsVisible = 0;
		};
/* End XCConfigurationList section */
	};
	rootObject = A7D5F3341F6779F300139CD4 /* Project object */;
}
